// !$*UTF8*$!
{
	archiveVersion = 1;
	classes = {
	};
	objectVersion = 55;
	objects = {

/* Begin PBXBuildFile section */
		069AF4B32A047BD900BD6481 /* YouTubeCloneTests.swift in Sources */ = {isa = PBXBuildFile; fileRef = 069AF4B22A047BD900BD6481 /* YouTubeCloneTests.swift */; };
		85F68C6A04DD1CFBC0BEBB48 /* Pods_YouTubeClone.framework in Frameworks */ = {isa = PBXBuildFile; fileRef = EA089A63109E5C524535E214 /* Pods_YouTubeClone.framework */; };
		D823AFF029B8021900CEEE12 /* VideoModel.swift in Sources */ = {isa = PBXBuildFile; fileRef = D823AFEF29B8021900CEEE12 /* VideoModel.swift */; };
		D823AFF229B803C700CEEE12 /* PlayListItemModel.swift in Sources */ = {isa = PBXBuildFile; fileRef = D823AFF129B803C700CEEE12 /* PlayListItemModel.swift */; };
		D823AFF429B8056300CEEE12 /* PlayListModel.swift in Sources */ = {isa = PBXBuildFile; fileRef = D823AFF329B8056300CEEE12 /* PlayListModel.swift */; };
		D823AFF629B805B400CEEE12 /* ChannelModel.swift in Sources */ = {isa = PBXBuildFile; fileRef = D823AFF529B805B400CEEE12 /* ChannelModel.swift */; };
		D83839E329DA18A000EA2C78 /* VideoProvider.swift in Sources */ = {isa = PBXBuildFile; fileRef = D83839E229DA18A000EA2C78 /* VideoProvider.swift */; };
		D83839E529DA18B100EA2C78 /* VideoProviderMock.swift in Sources */ = {isa = PBXBuildFile; fileRef = D83839E429DA18B100EA2C78 /* VideoProviderMock.swift */; };
		D83839E729DA198600EA2C78 /* VideoPresenter.swift in Sources */ = {isa = PBXBuildFile; fileRef = D83839E629DA198600EA2C78 /* VideoPresenter.swift */; };
		D83839EC29DA2CAF00EA2C78 /* PlaylistPresenter.swift in Sources */ = {isa = PBXBuildFile; fileRef = D83839EB29DA2CAF00EA2C78 /* PlaylistPresenter.swift */; };
		D83839EE29DA2CD000EA2C78 /* PlaylistProvider.swift in Sources */ = {isa = PBXBuildFile; fileRef = D83839ED29DA2CD000EA2C78 /* PlaylistProvider.swift */; };
		D83839F029DA2CDD00EA2C78 /* PlaylistProviderMock.swift in Sources */ = {isa = PBXBuildFile; fileRef = D83839EF29DA2CDD00EA2C78 /* PlaylistProviderMock.swift */; };
		D83839F829DA346000EA2C78 /* BootomSheetViewController.swift in Sources */ = {isa = PBXBuildFile; fileRef = D83839F629DA346000EA2C78 /* BootomSheetViewController.swift */; };
		D83839F929DA346000EA2C78 /* BootomSheetViewController.xib in Resources */ = {isa = PBXBuildFile; fileRef = D83839F729DA346000EA2C78 /* BootomSheetViewController.xib */; };
		D83839FC29DA34A100EA2C78 /* UIView+Extension.swift in Sources */ = {isa = PBXBuildFile; fileRef = D83839FB29DA34A100EA2C78 /* UIView+Extension.swift */; };
		D83839FE29DA497D00EA2C78 /* SectionTitleView.swift in Sources */ = {isa = PBXBuildFile; fileRef = D83839FD29DA497D00EA2C78 /* SectionTitleView.swift */; };
		D8383A0029DA4BAF00EA2C78 /* BaseViewController.swift in Sources */ = {isa = PBXBuildFile; fileRef = D83839FF29DA4BAF00EA2C78 /* BaseViewController.swift */; };
		D865CD5B29C7D6540041057C /* HomeProviderMock.swift in Sources */ = {isa = PBXBuildFile; fileRef = D865CD5A29C7D6540041057C /* HomeProviderMock.swift */; };
		D865CD5F29C7D6C50041057C /* Utils.swift in Sources */ = {isa = PBXBuildFile; fileRef = D865CD5E29C7D6C50041057C /* Utils.swift */; };
		D865CD6129C7D6E20041057C /* Channel.json in Resources */ = {isa = PBXBuildFile; fileRef = D865CD6029C7D6E20041057C /* Channel.json */; };
		D865CD6329C7D6F90041057C /* SearchVideo.json in Resources */ = {isa = PBXBuildFile; fileRef = D865CD6229C7D6F90041057C /* SearchVideo.json */; };
		D865CD6529C7D7120041057C /* PlaylistItem.json in Resources */ = {isa = PBXBuildFile; fileRef = D865CD6429C7D7120041057C /* PlaylistItem.json */; };
		D865CD6829C7D80E0041057C /* MockManager.swift in Sources */ = {isa = PBXBuildFile; fileRef = D865CD6729C7D80E0041057C /* MockManager.swift */; };
		D865CD6929C7DB5F0041057C /* Playlist.json in Resources */ = {isa = PBXBuildFile; fileRef = D865CD6629C7D7200041057C /* Playlist.json */; };
		D8BFFBBE29DB3ACD008F9286 /* PlayVideoViewController.swift in Sources */ = {isa = PBXBuildFile; fileRef = D8BFFBBC29DB3ACD008F9286 /* PlayVideoViewController.swift */; };
		D8BFFBBF29DB3ACD008F9286 /* PlayVideoViewController.xib in Resources */ = {isa = PBXBuildFile; fileRef = D8BFFBBD29DB3ACD008F9286 /* PlayVideoViewController.xib */; };
		D8C7C2A729C117C000A3B5EA /* HomePresenter.swift in Sources */ = {isa = PBXBuildFile; fileRef = D8C7C2A629C117C000A3B5EA /* HomePresenter.swift */; };
		D8CBFE2029CA473100E5F0CE /* DequeuableRegistrableCell.swift in Sources */ = {isa = PBXBuildFile; fileRef = D8CBFE1F29CA473100E5F0CE /* DequeuableRegistrableCell.swift */; };
		D8CBFE2529CA479400E5F0CE /* ChannelCell.swift in Sources */ = {isa = PBXBuildFile; fileRef = D8CBFE2329CA479400E5F0CE /* ChannelCell.swift */; };
		D8CBFE2629CA479400E5F0CE /* ChannelCell.xib in Resources */ = {isa = PBXBuildFile; fileRef = D8CBFE2429CA479400E5F0CE /* ChannelCell.xib */; };
		D8CBFE2929CA47A900E5F0CE /* VideoCell.swift in Sources */ = {isa = PBXBuildFile; fileRef = D8CBFE2729CA47A900E5F0CE /* VideoCell.swift */; };
		D8CBFE2A29CA47A900E5F0CE /* VideoCell.xib in Resources */ = {isa = PBXBuildFile; fileRef = D8CBFE2829CA47A900E5F0CE /* VideoCell.xib */; };
		D8CBFE2D29CA47BF00E5F0CE /* PlaylistCell.swift in Sources */ = {isa = PBXBuildFile; fileRef = D8CBFE2B29CA47BF00E5F0CE /* PlaylistCell.swift */; };
		D8CBFE2E29CA47BF00E5F0CE /* PlaylistCell.xib in Resources */ = {isa = PBXBuildFile; fileRef = D8CBFE2C29CA47BF00E5F0CE /* PlaylistCell.xib */; };
		D8CE0C0C29BB699B00506E9C /* NetworkError.swift in Sources */ = {isa = PBXBuildFile; fileRef = D8CE0C0929BB699B00506E9C /* NetworkError.swift */; };
		D8CE0C0D29BB699B00506E9C /* RequestModel.swift in Sources */ = {isa = PBXBuildFile; fileRef = D8CE0C0A29BB699B00506E9C /* RequestModel.swift */; };
		D8CE0C0E29BB699B00506E9C /* ServiceLayer.swift in Sources */ = {isa = PBXBuildFile; fileRef = D8CE0C0B29BB699B00506E9C /* ServiceLayer.swift */; };
		D8CE0C1129BB6A6A00506E9C /* Constants.swift in Sources */ = {isa = PBXBuildFile; fileRef = D8CE0C1029BB6A6A00506E9C /* Constants.swift */; };
		D8CE0C1629BB6FE500506E9C /* HomeProvider.swift in Sources */ = {isa = PBXBuildFile; fileRef = D8CE0C1529BB6FE500506E9C /* HomeProvider.swift */; };
		D8D023AE29B8CB8C00E3ED89 /* MainViewController.swift in Sources */ = {isa = PBXBuildFile; fileRef = D8D023AD29B8CB8C00E3ED89 /* MainViewController.swift */; };
		D8D023B029B8CBD500E3ED89 /* RootPageViewController.swift in Sources */ = {isa = PBXBuildFile; fileRef = D8D023AF29B8CBD500E3ED89 /* RootPageViewController.swift */; };
		D8D023B929B8CE7D00E3ED89 /* ChannelViewController.swift in Sources */ = {isa = PBXBuildFile; fileRef = D8D023B729B8CE7D00E3ED89 /* ChannelViewController.swift */; };
		D8D023BA29B8CE7D00E3ED89 /* ChannelViewController.xib in Resources */ = {isa = PBXBuildFile; fileRef = D8D023B829B8CE7D00E3ED89 /* ChannelViewController.xib */; };
		D8D023BD29B8CE8E00E3ED89 /* VideoViewController.swift in Sources */ = {isa = PBXBuildFile; fileRef = D8D023BB29B8CE8E00E3ED89 /* VideoViewController.swift */; };
		D8D023BE29B8CE8E00E3ED89 /* VideoViewController.xib in Resources */ = {isa = PBXBuildFile; fileRef = D8D023BC29B8CE8E00E3ED89 /* VideoViewController.xib */; };
		D8D023C129B8CEA500E3ED89 /* AboutViewController.swift in Sources */ = {isa = PBXBuildFile; fileRef = D8D023BF29B8CEA500E3ED89 /* AboutViewController.swift */; };
		D8D023C229B8CEA500E3ED89 /* AboutViewController.xib in Resources */ = {isa = PBXBuildFile; fileRef = D8D023C029B8CEA500E3ED89 /* AboutViewController.xib */; };
		D8D023C529B8CEB200E3ED89 /* HomeViewController.swift in Sources */ = {isa = PBXBuildFile; fileRef = D8D023C329B8CEB200E3ED89 /* HomeViewController.swift */; };
		D8D023C629B8CEB200E3ED89 /* HomeViewController.xib in Resources */ = {isa = PBXBuildFile; fileRef = D8D023C429B8CEB200E3ED89 /* HomeViewController.xib */; };
		D8D023C929B8CEC200E3ED89 /* PlaylistViewController.swift in Sources */ = {isa = PBXBuildFile; fileRef = D8D023C729B8CEC200E3ED89 /* PlaylistViewController.swift */; };
		D8D023CA29B8CEC200E3ED89 /* PlaylistViewController.xib in Resources */ = {isa = PBXBuildFile; fileRef = D8D023C829B8CEC200E3ED89 /* PlaylistViewController.xib */; };
		D8DC7AE729AE9A2F00D15FEA /* AppDelegate.swift in Sources */ = {isa = PBXBuildFile; fileRef = D8DC7AE629AE9A2F00D15FEA /* AppDelegate.swift */; };
		D8DC7AE929AE9A2F00D15FEA /* SceneDelegate.swift in Sources */ = {isa = PBXBuildFile; fileRef = D8DC7AE829AE9A2F00D15FEA /* SceneDelegate.swift */; };
		D8DC7AEB29AE9A2F00D15FEA /* ViewController.swift in Sources */ = {isa = PBXBuildFile; fileRef = D8DC7AEA29AE9A2F00D15FEA /* ViewController.swift */; };
		D8DC7AEE29AE9A2F00D15FEA /* Main.storyboard in Resources */ = {isa = PBXBuildFile; fileRef = D8DC7AEC29AE9A2F00D15FEA /* Main.storyboard */; };
		D8DC7AF029AE9A3100D15FEA /* Assets.xcassets in Resources */ = {isa = PBXBuildFile; fileRef = D8DC7AEF29AE9A3100D15FEA /* Assets.xcassets */; };
		D8DC7AF329AE9A3100D15FEA /* LaunchScreen.storyboard in Resources */ = {isa = PBXBuildFile; fileRef = D8DC7AF129AE9A3100D15FEA /* LaunchScreen.storyboard */; };
/* End PBXBuildFile section */

/* Begin PBXContainerItemProxy section */
		069AF4B42A047BD900BD6481 /* PBXContainerItemProxy */ = {
			isa = PBXContainerItemProxy;
			containerPortal = D8DC7ADB29AE9A2F00D15FEA /* Project object */;
			proxyType = 1;
			remoteGlobalIDString = D8DC7AE229AE9A2F00D15FEA;
			remoteInfo = YouTubeClone;
		};
/* End PBXContainerItemProxy section */

/* Begin PBXFileReference section */
		069AF4B02A047BD900BD6481 /* YouTubeCloneTests.xctest */ = {isa = PBXFileReference; explicitFileType = wrapper.cfbundle; includeInIndex = 0; path = YouTubeCloneTests.xctest; sourceTree = BUILT_PRODUCTS_DIR; };
		069AF4B22A047BD900BD6481 /* YouTubeCloneTests.swift */ = {isa = PBXFileReference; lastKnownFileType = sourcecode.swift; path = YouTubeCloneTests.swift; sourceTree = "<group>"; };
		11162F73100A0EE56BA44186 /* Pods-YouTubeClone.debug.xcconfig */ = {isa = PBXFileReference; includeInIndex = 1; lastKnownFileType = text.xcconfig; name = "Pods-YouTubeClone.debug.xcconfig"; path = "Target Support Files/Pods-YouTubeClone/Pods-YouTubeClone.debug.xcconfig"; sourceTree = "<group>"; };
		3469CF9DFE490CDD3EF5E14E /* Pods-YouTubeClone.release.xcconfig */ = {isa = PBXFileReference; includeInIndex = 1; lastKnownFileType = text.xcconfig; name = "Pods-YouTubeClone.release.xcconfig"; path = "Target Support Files/Pods-YouTubeClone/Pods-YouTubeClone.release.xcconfig"; sourceTree = "<group>"; };
		D823AFEF29B8021900CEEE12 /* VideoModel.swift */ = {isa = PBXFileReference; lastKnownFileType = sourcecode.swift; path = VideoModel.swift; sourceTree = "<group>"; };
		D823AFF129B803C700CEEE12 /* PlayListItemModel.swift */ = {isa = PBXFileReference; lastKnownFileType = sourcecode.swift; path = PlayListItemModel.swift; sourceTree = "<group>"; };
		D823AFF329B8056300CEEE12 /* PlayListModel.swift */ = {isa = PBXFileReference; lastKnownFileType = sourcecode.swift; path = PlayListModel.swift; sourceTree = "<group>"; };
		D823AFF529B805B400CEEE12 /* ChannelModel.swift */ = {isa = PBXFileReference; lastKnownFileType = sourcecode.swift; path = ChannelModel.swift; sourceTree = "<group>"; };
		D83839E229DA18A000EA2C78 /* VideoProvider.swift */ = {isa = PBXFileReference; lastKnownFileType = sourcecode.swift; path = VideoProvider.swift; sourceTree = "<group>"; };
		D83839E429DA18B100EA2C78 /* VideoProviderMock.swift */ = {isa = PBXFileReference; lastKnownFileType = sourcecode.swift; path = VideoProviderMock.swift; sourceTree = "<group>"; };
		D83839E629DA198600EA2C78 /* VideoPresenter.swift */ = {isa = PBXFileReference; lastKnownFileType = sourcecode.swift; path = VideoPresenter.swift; sourceTree = "<group>"; };
		D83839EB29DA2CAF00EA2C78 /* PlaylistPresenter.swift */ = {isa = PBXFileReference; lastKnownFileType = sourcecode.swift; path = PlaylistPresenter.swift; sourceTree = "<group>"; };
		D83839ED29DA2CD000EA2C78 /* PlaylistProvider.swift */ = {isa = PBXFileReference; lastKnownFileType = sourcecode.swift; path = PlaylistProvider.swift; sourceTree = "<group>"; };
		D83839EF29DA2CDD00EA2C78 /* PlaylistProviderMock.swift */ = {isa = PBXFileReference; lastKnownFileType = sourcecode.swift; path = PlaylistProviderMock.swift; sourceTree = "<group>"; };
		D83839F629DA346000EA2C78 /* BootomSheetViewController.swift */ = {isa = PBXFileReference; lastKnownFileType = sourcecode.swift; path = BootomSheetViewController.swift; sourceTree = "<group>"; };
		D83839F729DA346000EA2C78 /* BootomSheetViewController.xib */ = {isa = PBXFileReference; lastKnownFileType = file.xib; path = BootomSheetViewController.xib; sourceTree = "<group>"; };
		D83839FB29DA34A100EA2C78 /* UIView+Extension.swift */ = {isa = PBXFileReference; lastKnownFileType = sourcecode.swift; path = "UIView+Extension.swift"; sourceTree = "<group>"; };
		D83839FD29DA497D00EA2C78 /* SectionTitleView.swift */ = {isa = PBXFileReference; lastKnownFileType = sourcecode.swift; path = SectionTitleView.swift; sourceTree = "<group>"; };
		D83839FF29DA4BAF00EA2C78 /* BaseViewController.swift */ = {isa = PBXFileReference; lastKnownFileType = sourcecode.swift; path = BaseViewController.swift; sourceTree = "<group>"; };
		D865CD5A29C7D6540041057C /* HomeProviderMock.swift */ = {isa = PBXFileReference; lastKnownFileType = sourcecode.swift; path = HomeProviderMock.swift; sourceTree = "<group>"; };
		D865CD5E29C7D6C50041057C /* Utils.swift */ = {isa = PBXFileReference; lastKnownFileType = sourcecode.swift; path = Utils.swift; sourceTree = "<group>"; };
		D865CD6029C7D6E20041057C /* Channel.json */ = {isa = PBXFileReference; lastKnownFileType = text.json; path = Channel.json; sourceTree = "<group>"; };
		D865CD6229C7D6F90041057C /* SearchVideo.json */ = {isa = PBXFileReference; lastKnownFileType = text.json; path = SearchVideo.json; sourceTree = "<group>"; };
		D865CD6429C7D7120041057C /* PlaylistItem.json */ = {isa = PBXFileReference; lastKnownFileType = text.json; path = PlaylistItem.json; sourceTree = "<group>"; };
		D865CD6629C7D7200041057C /* Playlist.json */ = {isa = PBXFileReference; lastKnownFileType = text.json; path = Playlist.json; sourceTree = "<group>"; };
		D865CD6729C7D80E0041057C /* MockManager.swift */ = {isa = PBXFileReference; lastKnownFileType = sourcecode.swift; path = MockManager.swift; sourceTree = "<group>"; };
		D8BFFBBC29DB3ACD008F9286 /* PlayVideoViewController.swift */ = {isa = PBXFileReference; lastKnownFileType = sourcecode.swift; path = PlayVideoViewController.swift; sourceTree = "<group>"; };
		D8BFFBBD29DB3ACD008F9286 /* PlayVideoViewController.xib */ = {isa = PBXFileReference; lastKnownFileType = file.xib; path = PlayVideoViewController.xib; sourceTree = "<group>"; };
		D8C7C2A629C117C000A3B5EA /* HomePresenter.swift */ = {isa = PBXFileReference; lastKnownFileType = sourcecode.swift; path = HomePresenter.swift; sourceTree = "<group>"; };
		D8CBFE1F29CA473100E5F0CE /* DequeuableRegistrableCell.swift */ = {isa = PBXFileReference; lastKnownFileType = sourcecode.swift; path = DequeuableRegistrableCell.swift; sourceTree = "<group>"; };
		D8CBFE2329CA479400E5F0CE /* ChannelCell.swift */ = {isa = PBXFileReference; lastKnownFileType = sourcecode.swift; path = ChannelCell.swift; sourceTree = "<group>"; };
		D8CBFE2429CA479400E5F0CE /* ChannelCell.xib */ = {isa = PBXFileReference; lastKnownFileType = file.xib; path = ChannelCell.xib; sourceTree = "<group>"; };
		D8CBFE2729CA47A900E5F0CE /* VideoCell.swift */ = {isa = PBXFileReference; lastKnownFileType = sourcecode.swift; path = VideoCell.swift; sourceTree = "<group>"; };
		D8CBFE2829CA47A900E5F0CE /* VideoCell.xib */ = {isa = PBXFileReference; lastKnownFileType = file.xib; path = VideoCell.xib; sourceTree = "<group>"; };
		D8CBFE2B29CA47BF00E5F0CE /* PlaylistCell.swift */ = {isa = PBXFileReference; lastKnownFileType = sourcecode.swift; path = PlaylistCell.swift; sourceTree = "<group>"; };
		D8CBFE2C29CA47BF00E5F0CE /* PlaylistCell.xib */ = {isa = PBXFileReference; lastKnownFileType = file.xib; path = PlaylistCell.xib; sourceTree = "<group>"; };
		D8CE0C0929BB699B00506E9C /* NetworkError.swift */ = {isa = PBXFileReference; fileEncoding = 4; lastKnownFileType = sourcecode.swift; path = NetworkError.swift; sourceTree = "<group>"; };
		D8CE0C0A29BB699B00506E9C /* RequestModel.swift */ = {isa = PBXFileReference; fileEncoding = 4; lastKnownFileType = sourcecode.swift; path = RequestModel.swift; sourceTree = "<group>"; };
		D8CE0C0B29BB699B00506E9C /* ServiceLayer.swift */ = {isa = PBXFileReference; fileEncoding = 4; lastKnownFileType = sourcecode.swift; path = ServiceLayer.swift; sourceTree = "<group>"; };
		D8CE0C1029BB6A6A00506E9C /* Constants.swift */ = {isa = PBXFileReference; lastKnownFileType = sourcecode.swift; path = Constants.swift; sourceTree = "<group>"; };
		D8CE0C1529BB6FE500506E9C /* HomeProvider.swift */ = {isa = PBXFileReference; lastKnownFileType = sourcecode.swift; path = HomeProvider.swift; sourceTree = "<group>"; };
		D8D023AD29B8CB8C00E3ED89 /* MainViewController.swift */ = {isa = PBXFileReference; lastKnownFileType = sourcecode.swift; path = MainViewController.swift; sourceTree = "<group>"; };
		D8D023AF29B8CBD500E3ED89 /* RootPageViewController.swift */ = {isa = PBXFileReference; lastKnownFileType = sourcecode.swift; path = RootPageViewController.swift; sourceTree = "<group>"; };
		D8D023B729B8CE7D00E3ED89 /* ChannelViewController.swift */ = {isa = PBXFileReference; lastKnownFileType = sourcecode.swift; path = ChannelViewController.swift; sourceTree = "<group>"; };
		D8D023B829B8CE7D00E3ED89 /* ChannelViewController.xib */ = {isa = PBXFileReference; lastKnownFileType = file.xib; path = ChannelViewController.xib; sourceTree = "<group>"; };
		D8D023BB29B8CE8E00E3ED89 /* VideoViewController.swift */ = {isa = PBXFileReference; lastKnownFileType = sourcecode.swift; path = VideoViewController.swift; sourceTree = "<group>"; };
		D8D023BC29B8CE8E00E3ED89 /* VideoViewController.xib */ = {isa = PBXFileReference; lastKnownFileType = file.xib; path = VideoViewController.xib; sourceTree = "<group>"; };
		D8D023BF29B8CEA500E3ED89 /* AboutViewController.swift */ = {isa = PBXFileReference; lastKnownFileType = sourcecode.swift; path = AboutViewController.swift; sourceTree = "<group>"; };
		D8D023C029B8CEA500E3ED89 /* AboutViewController.xib */ = {isa = PBXFileReference; lastKnownFileType = file.xib; path = AboutViewController.xib; sourceTree = "<group>"; };
		D8D023C329B8CEB200E3ED89 /* HomeViewController.swift */ = {isa = PBXFileReference; lastKnownFileType = sourcecode.swift; path = HomeViewController.swift; sourceTree = "<group>"; };
		D8D023C429B8CEB200E3ED89 /* HomeViewController.xib */ = {isa = PBXFileReference; lastKnownFileType = file.xib; path = HomeViewController.xib; sourceTree = "<group>"; };
		D8D023C729B8CEC200E3ED89 /* PlaylistViewController.swift */ = {isa = PBXFileReference; lastKnownFileType = sourcecode.swift; path = PlaylistViewController.swift; sourceTree = "<group>"; };
		D8D023C829B8CEC200E3ED89 /* PlaylistViewController.xib */ = {isa = PBXFileReference; lastKnownFileType = file.xib; path = PlaylistViewController.xib; sourceTree = "<group>"; };
		D8DC7AE329AE9A2F00D15FEA /* YouTubeClone.app */ = {isa = PBXFileReference; explicitFileType = wrapper.application; includeInIndex = 0; path = YouTubeClone.app; sourceTree = BUILT_PRODUCTS_DIR; };
		D8DC7AE629AE9A2F00D15FEA /* AppDelegate.swift */ = {isa = PBXFileReference; lastKnownFileType = sourcecode.swift; path = AppDelegate.swift; sourceTree = "<group>"; };
		D8DC7AE829AE9A2F00D15FEA /* SceneDelegate.swift */ = {isa = PBXFileReference; lastKnownFileType = sourcecode.swift; path = SceneDelegate.swift; sourceTree = "<group>"; };
		D8DC7AEA29AE9A2F00D15FEA /* ViewController.swift */ = {isa = PBXFileReference; lastKnownFileType = sourcecode.swift; path = ViewController.swift; sourceTree = "<group>"; };
		D8DC7AED29AE9A2F00D15FEA /* Base */ = {isa = PBXFileReference; lastKnownFileType = file.storyboard; name = Base; path = Base.lproj/Main.storyboard; sourceTree = "<group>"; };
		D8DC7AEF29AE9A3100D15FEA /* Assets.xcassets */ = {isa = PBXFileReference; lastKnownFileType = folder.assetcatalog; path = Assets.xcassets; sourceTree = "<group>"; };
		D8DC7AF229AE9A3100D15FEA /* Base */ = {isa = PBXFileReference; lastKnownFileType = file.storyboard; name = Base; path = Base.lproj/LaunchScreen.storyboard; sourceTree = "<group>"; };
		D8DC7AF429AE9A3100D15FEA /* Info.plist */ = {isa = PBXFileReference; lastKnownFileType = text.plist.xml; path = Info.plist; sourceTree = "<group>"; };
		EA089A63109E5C524535E214 /* Pods_YouTubeClone.framework */ = {isa = PBXFileReference; explicitFileType = wrapper.framework; includeInIndex = 0; path = Pods_YouTubeClone.framework; sourceTree = BUILT_PRODUCTS_DIR; };
/* End PBXFileReference section */

/* Begin PBXFrameworksBuildPhase section */
		069AF4AD2A047BD900BD6481 /* Frameworks */ = {
			isa = PBXFrameworksBuildPhase;
			buildActionMask = 2147483647;
			files = (
			);
			runOnlyForDeploymentPostprocessing = 0;
		};
		D8DC7AE029AE9A2F00D15FEA /* Frameworks */ = {
			isa = PBXFrameworksBuildPhase;
			buildActionMask = 2147483647;
			files = (
				85F68C6A04DD1CFBC0BEBB48 /* Pods_YouTubeClone.framework in Frameworks */,
			);
			runOnlyForDeploymentPostprocessing = 0;
		};
/* End PBXFrameworksBuildPhase section */

/* Begin PBXGroup section */
		069AF4B12A047BD900BD6481 /* YouTubeCloneTests */ = {
			isa = PBXGroup;
			children = (
				069AF4B22A047BD900BD6481 /* YouTubeCloneTests.swift */,
			);
			path = YouTubeCloneTests;
			sourceTree = "<group>";
		};
		22EC5F341B733BF469AB0480 /* Pods */ = {
			isa = PBXGroup;
			children = (
				11162F73100A0EE56BA44186 /* Pods-YouTubeClone.debug.xcconfig */,
				3469CF9DFE490CDD3EF5E14E /* Pods-YouTubeClone.release.xcconfig */,
			);
			path = Pods;
			sourceTree = "<group>";
		};
		8150F5803B1F8D4A89A4CA9B /* Frameworks */ = {
			isa = PBXGroup;
			children = (
				EA089A63109E5C524535E214 /* Pods_YouTubeClone.framework */,
			);
			name = Frameworks;
			sourceTree = "<group>";
		};
		D823AFEE29B8014000CEEE12 /* Model */ = {
			isa = PBXGroup;
			children = (
				D823AFEF29B8021900CEEE12 /* VideoModel.swift */,
				D823AFF129B803C700CEEE12 /* PlayListItemModel.swift */,
				D823AFF329B8056300CEEE12 /* PlayListModel.swift */,
				D823AFF529B805B400CEEE12 /* ChannelModel.swift */,
			);
			path = Model;
			sourceTree = "<group>";
		};
		D83839E129DA188700EA2C78 /* Provider */ = {
			isa = PBXGroup;
			children = (
				D83839E229DA18A000EA2C78 /* VideoProvider.swift */,
				D83839E429DA18B100EA2C78 /* VideoProviderMock.swift */,
			);
			path = Provider;
			sourceTree = "<group>";
		};
		D83839E829DA2C6500EA2C78 /* View */ = {
			isa = PBXGroup;
			children = (
				D8D023C829B8CEC200E3ED89 /* PlaylistViewController.xib */,
				D8D023C729B8CEC200E3ED89 /* PlaylistViewController.swift */,
			);
			path = View;
			sourceTree = "<group>";
		};
		D83839E929DA2C6B00EA2C78 /* Provider */ = {
			isa = PBXGroup;
			children = (
				D83839ED29DA2CD000EA2C78 /* PlaylistProvider.swift */,
				D83839EF29DA2CDD00EA2C78 /* PlaylistProviderMock.swift */,
			);
			path = Provider;
			sourceTree = "<group>";
		};
		D83839EA29DA2C7A00EA2C78 /* Presenter */ = {
			isa = PBXGroup;
			children = (
				D83839EB29DA2CAF00EA2C78 /* PlaylistPresenter.swift */,
			);
			path = Presenter;
			sourceTree = "<group>";
		};
		D83839F129DA2D4C00EA2C78 /* Model */ = {
			isa = PBXGroup;
			children = (
				D83839E929DA2C6B00EA2C78 /* Provider */,
			);
			path = Model;
			sourceTree = "<group>";
		};
		D83839F229DA340000EA2C78 /* BottomSheet */ = {
			isa = PBXGroup;
			children = (
				D83839F629DA346000EA2C78 /* BootomSheetViewController.swift */,
				D83839F729DA346000EA2C78 /* BootomSheetViewController.xib */,
			);
			path = BottomSheet;
			sourceTree = "<group>";
		};
		D83839FA29DA348100EA2C78 /* Extension */ = {
			isa = PBXGroup;
			children = (
				D8CBFE1F29CA473100E5F0CE /* DequeuableRegistrableCell.swift */,
				D83839FB29DA34A100EA2C78 /* UIView+Extension.swift */,
			);
			path = Extension;
			sourceTree = "<group>";
		};
		D865CD5C29C7D6930041057C /* Utils */ = {
			isa = PBXGroup;
			children = (
				D865CD5D29C7D6A30041057C /* Mock */,
				D8CE0C0F29BB6A5000506E9C /* Constants */,
				D83839FA29DA348100EA2C78 /* Extension */,
				D865CD5E29C7D6C50041057C /* Utils.swift */,
				D865CD6729C7D80E0041057C /* MockManager.swift */,
				D83839FF29DA4BAF00EA2C78 /* BaseViewController.swift */,
			);
			path = Utils;
			sourceTree = "<group>";
		};
		D865CD5D29C7D6A30041057C /* Mock */ = {
			isa = PBXGroup;
			children = (
				D865CD6029C7D6E20041057C /* Channel.json */,
				D865CD6229C7D6F90041057C /* SearchVideo.json */,
				D865CD6429C7D7120041057C /* PlaylistItem.json */,
				D865CD6629C7D7200041057C /* Playlist.json */,
			);
			path = Mock;
			sourceTree = "<group>";
		};
		D8BFFBBB29DB3AB7008F9286 /* PlayVideo */ = {
			isa = PBXGroup;
			children = (
				D8BFFBBC29DB3ACD008F9286 /* PlayVideoViewController.swift */,
				D8BFFBBD29DB3ACD008F9286 /* PlayVideoViewController.xib */,
			);
			path = PlayVideo;
			sourceTree = "<group>";
		};
		D8C8C28029D9C7A800BC8293 /* Model */ = {
			isa = PBXGroup;
			children = (
				D83839E129DA188700EA2C78 /* Provider */,
			);
			path = Model;
			sourceTree = "<group>";
		};
		D8C8C28129D9C7B200BC8293 /* Presenter */ = {
			isa = PBXGroup;
			children = (
				D83839E629DA198600EA2C78 /* VideoPresenter.swift */,
			);
			path = Presenter;
			sourceTree = "<group>";
		};
		D8C8C28229D9C7C500BC8293 /* View */ = {
			isa = PBXGroup;
			children = (
				D8D023BB29B8CE8E00E3ED89 /* VideoViewController.swift */,
				D8D023BC29B8CE8E00E3ED89 /* VideoViewController.xib */,
			);
			path = View;
			sourceTree = "<group>";
		};
		D8CBFE2129CA475D00E5F0CE /* Cell */ = {
			isa = PBXGroup;
			children = (
				D8CBFE2329CA479400E5F0CE /* ChannelCell.swift */,
				D8CBFE2429CA479400E5F0CE /* ChannelCell.xib */,
				D8CBFE2729CA47A900E5F0CE /* VideoCell.swift */,
				D8CBFE2829CA47A900E5F0CE /* VideoCell.xib */,
				D8CBFE2B29CA47BF00E5F0CE /* PlaylistCell.swift */,
				D8CBFE2C29CA47BF00E5F0CE /* PlaylistCell.xib */,
				D83839FD29DA497D00EA2C78 /* SectionTitleView.swift */,
			);
			path = Cell;
			sourceTree = "<group>";
		};
		D8CE0C0829BB694400506E9C /* ServiceLayer */ = {
			isa = PBXGroup;
			children = (
				D8CE0C0929BB699B00506E9C /* NetworkError.swift */,
				D8CE0C0A29BB699B00506E9C /* RequestModel.swift */,
				D8CE0C0B29BB699B00506E9C /* ServiceLayer.swift */,
			);
			path = ServiceLayer;
			sourceTree = "<group>";
		};
		D8CE0C0F29BB6A5000506E9C /* Constants */ = {
			isa = PBXGroup;
			children = (
				D8CE0C1029BB6A6A00506E9C /* Constants.swift */,
			);
			path = Constants;
			sourceTree = "<group>";
		};
		D8CE0C1229BB6FA800506E9C /* Model */ = {
			isa = PBXGroup;
			children = (
				D8CE0C1729BB6FEB00506E9C /* Provider */,
			);
			path = Model;
			sourceTree = "<group>";
		};
		D8CE0C1329BB6FB300506E9C /* Presenter */ = {
			isa = PBXGroup;
			children = (
				D8C7C2A629C117C000A3B5EA /* HomePresenter.swift */,
			);
			path = Presenter;
			sourceTree = "<group>";
		};
		D8CE0C1429BB6FBD00506E9C /* View */ = {
			isa = PBXGroup;
			children = (
				D83839F229DA340000EA2C78 /* BottomSheet */,
				D8CBFE2129CA475D00E5F0CE /* Cell */,
				D8D023C329B8CEB200E3ED89 /* HomeViewController.swift */,
				D8D023C429B8CEB200E3ED89 /* HomeViewController.xib */,
			);
			path = View;
			sourceTree = "<group>";
		};
		D8CE0C1729BB6FEB00506E9C /* Provider */ = {
			isa = PBXGroup;
			children = (
				D8CE0C1529BB6FE500506E9C /* HomeProvider.swift */,
				D865CD5A29C7D6540041057C /* HomeProviderMock.swift */,
			);
			path = Provider;
			sourceTree = "<group>";
		};
		D8D023AC29B8CB4100E3ED89 /* Main */ = {
			isa = PBXGroup;
			children = (
				D8D023AD29B8CB8C00E3ED89 /* MainViewController.swift */,
				D8D023AF29B8CBD500E3ED89 /* RootPageViewController.swift */,
			);
			path = Main;
			sourceTree = "<group>";
		};
		D8D023B129B8CE0A00E3ED89 /* Playlist */ = {
			isa = PBXGroup;
			children = (
				D83839F129DA2D4C00EA2C78 /* Model */,
				D83839EA29DA2C7A00EA2C78 /* Presenter */,
				D83839E829DA2C6500EA2C78 /* View */,
			);
			path = Playlist;
			sourceTree = "<group>";
		};
		D8D023B329B8CE1400E3ED89 /* Home */ = {
			isa = PBXGroup;
			children = (
				D8CE0C1429BB6FBD00506E9C /* View */,
				D8CE0C1329BB6FB300506E9C /* Presenter */,
				D8CE0C1229BB6FA800506E9C /* Model */,
			);
			path = Home;
			sourceTree = "<group>";
		};
		D8D023B429B8CE1600E3ED89 /* About */ = {
			isa = PBXGroup;
			children = (
				D8D023BF29B8CEA500E3ED89 /* AboutViewController.swift */,
				D8D023C029B8CEA500E3ED89 /* AboutViewController.xib */,
			);
			path = About;
			sourceTree = "<group>";
		};
		D8D023B529B8CE5E00E3ED89 /* Video */ = {
			isa = PBXGroup;
			children = (
				D8C8C28229D9C7C500BC8293 /* View */,
				D8C8C28129D9C7B200BC8293 /* Presenter */,
				D8C8C28029D9C7A800BC8293 /* Model */,
			);
			path = Video;
			sourceTree = "<group>";
		};
		D8D023B629B8CE6600E3ED89 /* Channel */ = {
			isa = PBXGroup;
			children = (
				D8D023B729B8CE7D00E3ED89 /* ChannelViewController.swift */,
				D8D023B829B8CE7D00E3ED89 /* ChannelViewController.xib */,
			);
			path = Channel;
			sourceTree = "<group>";
		};
		D8DC7ADA29AE9A2F00D15FEA = {
			isa = PBXGroup;
			children = (
				D8DC7AE529AE9A2F00D15FEA /* YouTubeClone */,
				069AF4B12A047BD900BD6481 /* YouTubeCloneTests */,
				D8DC7AE429AE9A2F00D15FEA /* Products */,
				22EC5F341B733BF469AB0480 /* Pods */,
				8150F5803B1F8D4A89A4CA9B /* Frameworks */,
			);
			sourceTree = "<group>";
		};
		D8DC7AE429AE9A2F00D15FEA /* Products */ = {
			isa = PBXGroup;
			children = (
				D8DC7AE329AE9A2F00D15FEA /* YouTubeClone.app */,
				069AF4B02A047BD900BD6481 /* YouTubeCloneTests.xctest */,
			);
			name = Products;
			sourceTree = "<group>";
		};
		D8DC7AE529AE9A2F00D15FEA /* YouTubeClone */ = {
			isa = PBXGroup;
			children = (
				D865CD5C29C7D6930041057C /* Utils */,
				D8CE0C0829BB694400506E9C /* ServiceLayer */,
				D8D023B629B8CE6600E3ED89 /* Channel */,
				D8D023B529B8CE5E00E3ED89 /* Video */,
				D8D023B429B8CE1600E3ED89 /* About */,
				D8D023B329B8CE1400E3ED89 /* Home */,
				D8BFFBBB29DB3AB7008F9286 /* PlayVideo */,
				D8D023B129B8CE0A00E3ED89 /* Playlist */,
				D8D023AC29B8CB4100E3ED89 /* Main */,
				D823AFEE29B8014000CEEE12 /* Model */,
				D8DC7AE629AE9A2F00D15FEA /* AppDelegate.swift */,
				D8DC7AE829AE9A2F00D15FEA /* SceneDelegate.swift */,
				D8DC7AEA29AE9A2F00D15FEA /* ViewController.swift */,
				D8DC7AEC29AE9A2F00D15FEA /* Main.storyboard */,
				D8DC7AEF29AE9A3100D15FEA /* Assets.xcassets */,
				D8DC7AF129AE9A3100D15FEA /* LaunchScreen.storyboard */,
				D8DC7AF429AE9A3100D15FEA /* Info.plist */,
			);
			path = YouTubeClone;
			sourceTree = "<group>";
		};
/* End PBXGroup section */

/* Begin PBXNativeTarget section */
		069AF4AF2A047BD900BD6481 /* YouTubeCloneTests */ = {
			isa = PBXNativeTarget;
			buildConfigurationList = 069AF4B82A047BD900BD6481 /* Build configuration list for PBXNativeTarget "YouTubeCloneTests" */;
			buildPhases = (
				069AF4AC2A047BD900BD6481 /* Sources */,
				069AF4AD2A047BD900BD6481 /* Frameworks */,
				069AF4AE2A047BD900BD6481 /* Resources */,
			);
			buildRules = (
			);
			dependencies = (
				069AF4B52A047BD900BD6481 /* PBXTargetDependency */,
			);
			name = YouTubeCloneTests;
			productName = YouTubeCloneTests;
			productReference = 069AF4B02A047BD900BD6481 /* YouTubeCloneTests.xctest */;
			productType = "com.apple.product-type.bundle.unit-test";
		};
		D8DC7AE229AE9A2F00D15FEA /* YouTubeClone */ = {
			isa = PBXNativeTarget;
			buildConfigurationList = D8DC7AF729AE9A3100D15FEA /* Build configuration list for PBXNativeTarget "YouTubeClone" */;
			buildPhases = (
				02A803CA1959281BA71A67C1 /* [CP] Check Pods Manifest.lock */,
				D8DC7ADF29AE9A2F00D15FEA /* Sources */,
				D8DC7AE029AE9A2F00D15FEA /* Frameworks */,
				D8DC7AE129AE9A2F00D15FEA /* Resources */,
				064CFE6C32CEE9242117C9C5 /* [CP] Embed Pods Frameworks */,
			);
			buildRules = (
			);
			dependencies = (
			);
			name = YouTubeClone;
			productName = YouTubeClone;
			productReference = D8DC7AE329AE9A2F00D15FEA /* YouTubeClone.app */;
			productType = "com.apple.product-type.application";
		};
/* End PBXNativeTarget section */

/* Begin PBXProject section */
		D8DC7ADB29AE9A2F00D15FEA /* Project object */ = {
			isa = PBXProject;
			attributes = {
				BuildIndependentTargetsInParallel = 1;
				LastSwiftUpdateCheck = 1430;
				LastUpgradeCheck = 1420;
				TargetAttributes = {
					069AF4AF2A047BD900BD6481 = {
						CreatedOnToolsVersion = 14.3;
						TestTargetID = D8DC7AE229AE9A2F00D15FEA;
					};
					D8DC7AE229AE9A2F00D15FEA = {
						CreatedOnToolsVersion = 14.2;
					};
				};
			};
			buildConfigurationList = D8DC7ADE29AE9A2F00D15FEA /* Build configuration list for PBXProject "YouTubeClone" */;
			compatibilityVersion = "Xcode 13.0";
			developmentRegion = en;
			hasScannedForEncodings = 0;
			knownRegions = (
				en,
				Base,
			);
			mainGroup = D8DC7ADA29AE9A2F00D15FEA;
			productRefGroup = D8DC7AE429AE9A2F00D15FEA /* Products */;
			projectDirPath = "";
			projectRoot = "";
			targets = (
				D8DC7AE229AE9A2F00D15FEA /* YouTubeClone */,
				069AF4AF2A047BD900BD6481 /* YouTubeCloneTests */,
			);
		};
/* End PBXProject section */

/* Begin PBXResourcesBuildPhase section */
		069AF4AE2A047BD900BD6481 /* Resources */ = {
			isa = PBXResourcesBuildPhase;
			buildActionMask = 2147483647;
			files = (
			);
			runOnlyForDeploymentPostprocessing = 0;
		};
		D8DC7AE129AE9A2F00D15FEA /* Resources */ = {
			isa = PBXResourcesBuildPhase;
			buildActionMask = 2147483647;
			files = (
				D865CD6529C7D7120041057C /* PlaylistItem.json in Resources */,
				D8DC7AF329AE9A3100D15FEA /* LaunchScreen.storyboard in Resources */,
				D8CBFE2629CA479400E5F0CE /* ChannelCell.xib in Resources */,
				D8CBFE2E29CA47BF00E5F0CE /* PlaylistCell.xib in Resources */,
				D865CD6129C7D6E20041057C /* Channel.json in Resources */,
				D8DC7AF029AE9A3100D15FEA /* Assets.xcassets in Resources */,
				D8D023BA29B8CE7D00E3ED89 /* ChannelViewController.xib in Resources */,
				D8D023BE29B8CE8E00E3ED89 /* VideoViewController.xib in Resources */,
				D8D023CA29B8CEC200E3ED89 /* PlaylistViewController.xib in Resources */,
				D865CD6929C7DB5F0041057C /* Playlist.json in Resources */,
				D8CBFE2A29CA47A900E5F0CE /* VideoCell.xib in Resources */,
				D8D023C229B8CEA500E3ED89 /* AboutViewController.xib in Resources */,
				D865CD6329C7D6F90041057C /* SearchVideo.json in Resources */,
				D83839F929DA346000EA2C78 /* BootomSheetViewController.xib in Resources */,
				D8D023C629B8CEB200E3ED89 /* HomeViewController.xib in Resources */,
				D8DC7AEE29AE9A2F00D15FEA /* Main.storyboard in Resources */,
				D8BFFBBF29DB3ACD008F9286 /* PlayVideoViewController.xib in Resources */,
			);
			runOnlyForDeploymentPostprocessing = 0;
		};
/* End PBXResourcesBuildPhase section */

/* Begin PBXShellScriptBuildPhase section */
		02A803CA1959281BA71A67C1 /* [CP] Check Pods Manifest.lock */ = {
			isa = PBXShellScriptBuildPhase;
			buildActionMask = 2147483647;
			files = (
			);
			inputFileListPaths = (
			);
			inputPaths = (
				"${PODS_PODFILE_DIR_PATH}/Podfile.lock",
				"${PODS_ROOT}/Manifest.lock",
			);
			name = "[CP] Check Pods Manifest.lock";
			outputFileListPaths = (
			);
			outputPaths = (
				"$(DERIVED_FILE_DIR)/Pods-YouTubeClone-checkManifestLockResult.txt",
			);
			runOnlyForDeploymentPostprocessing = 0;
			shellPath = /bin/sh;
			shellScript = "diff \"${PODS_PODFILE_DIR_PATH}/Podfile.lock\" \"${PODS_ROOT}/Manifest.lock\" > /dev/null\nif [ $? != 0 ] ; then\n    # print error to STDERR\n    echo \"error: The sandbox is not in sync with the Podfile.lock. Run 'pod install' or update your CocoaPods installation.\" >&2\n    exit 1\nfi\n# This output is used by Xcode 'outputs' to avoid re-running this script phase.\necho \"SUCCESS\" > \"${SCRIPT_OUTPUT_FILE_0}\"\n";
			showEnvVarsInLog = 0;
		};
		064CFE6C32CEE9242117C9C5 /* [CP] Embed Pods Frameworks */ = {
			isa = PBXShellScriptBuildPhase;
			buildActionMask = 2147483647;
			files = (
			);
			inputFileListPaths = (
				"${PODS_ROOT}/Target Support Files/Pods-YouTubeClone/Pods-YouTubeClone-frameworks-${CONFIGURATION}-input-files.xcfilelist",
			);
			name = "[CP] Embed Pods Frameworks";
			outputFileListPaths = (
				"${PODS_ROOT}/Target Support Files/Pods-YouTubeClone/Pods-YouTubeClone-frameworks-${CONFIGURATION}-output-files.xcfilelist",
			);
			runOnlyForDeploymentPostprocessing = 0;
			shellPath = /bin/sh;
			shellScript = "\"${PODS_ROOT}/Target Support Files/Pods-YouTubeClone/Pods-YouTubeClone-frameworks.sh\"\n";
			showEnvVarsInLog = 0;
		};
/* End PBXShellScriptBuildPhase section */

/* Begin PBXSourcesBuildPhase section */
		069AF4AC2A047BD900BD6481 /* Sources */ = {
			isa = PBXSourcesBuildPhase;
			buildActionMask = 2147483647;
			files = (
				069AF4B32A047BD900BD6481 /* YouTubeCloneTests.swift in Sources */,
			);
			runOnlyForDeploymentPostprocessing = 0;
		};
		D8DC7ADF29AE9A2F00D15FEA /* Sources */ = {
			isa = PBXSourcesBuildPhase;
			buildActionMask = 2147483647;
			files = (
				D8DC7AEB29AE9A2F00D15FEA /* ViewController.swift in Sources */,
				D823AFF229B803C700CEEE12 /* PlayListItemModel.swift in Sources */,
				D8D023C929B8CEC200E3ED89 /* PlaylistViewController.swift in Sources */,
				D8C7C2A729C117C000A3B5EA /* HomePresenter.swift in Sources */,
				D8CE0C0E29BB699B00506E9C /* ServiceLayer.swift in Sources */,
				D8DC7AE729AE9A2F00D15FEA /* AppDelegate.swift in Sources */,
				D8BFFBBE29DB3ACD008F9286 /* PlayVideoViewController.swift in Sources */,
				D865CD5B29C7D6540041057C /* HomeProviderMock.swift in Sources */,
				D8CBFE2929CA47A900E5F0CE /* VideoCell.swift in Sources */,
				D865CD5F29C7D6C50041057C /* Utils.swift in Sources */,
				D8DC7AE929AE9A2F00D15FEA /* SceneDelegate.swift in Sources */,
				D8D023B929B8CE7D00E3ED89 /* ChannelViewController.swift in Sources */,
				D8383A0029DA4BAF00EA2C78 /* BaseViewController.swift in Sources */,
				D823AFF029B8021900CEEE12 /* VideoModel.swift in Sources */,
				D8CBFE2029CA473100E5F0CE /* DequeuableRegistrableCell.swift in Sources */,
				D865CD6829C7D80E0041057C /* MockManager.swift in Sources */,
				D8CE0C0D29BB699B00506E9C /* RequestModel.swift in Sources */,
				D8D023C129B8CEA500E3ED89 /* AboutViewController.swift in Sources */,
				D83839E329DA18A000EA2C78 /* VideoProvider.swift in Sources */,
				D8CE0C1629BB6FE500506E9C /* HomeProvider.swift in Sources */,
				D8D023BD29B8CE8E00E3ED89 /* VideoViewController.swift in Sources */,
				D83839E529DA18B100EA2C78 /* VideoProviderMock.swift in Sources */,
				D8CE0C0C29BB699B00506E9C /* NetworkError.swift in Sources */,
				D823AFF429B8056300CEEE12 /* PlayListModel.swift in Sources */,
				D8CBFE2D29CA47BF00E5F0CE /* PlaylistCell.swift in Sources */,
				D83839FE29DA497D00EA2C78 /* SectionTitleView.swift in Sources */,
				D83839FC29DA34A100EA2C78 /* UIView+Extension.swift in Sources */,
				D8CBFE2529CA479400E5F0CE /* ChannelCell.swift in Sources */,
				D8D023B029B8CBD500E3ED89 /* RootPageViewController.swift in Sources */,
				D83839E729DA198600EA2C78 /* VideoPresenter.swift in Sources */,
				D823AFF629B805B400CEEE12 /* ChannelModel.swift in Sources */,
				D83839EE29DA2CD000EA2C78 /* PlaylistProvider.swift in Sources */,
				D83839F829DA346000EA2C78 /* BootomSheetViewController.swift in Sources */,
				D83839EC29DA2CAF00EA2C78 /* PlaylistPresenter.swift in Sources */,
				D83839F029DA2CDD00EA2C78 /* PlaylistProviderMock.swift in Sources */,
				D8D023C529B8CEB200E3ED89 /* HomeViewController.swift in Sources */,
				D8D023AE29B8CB8C00E3ED89 /* MainViewController.swift in Sources */,
				D8CE0C1129BB6A6A00506E9C /* Constants.swift in Sources */,
			);
			runOnlyForDeploymentPostprocessing = 0;
		};
/* End PBXSourcesBuildPhase section */

/* Begin PBXTargetDependency section */
		069AF4B52A047BD900BD6481 /* PBXTargetDependency */ = {
			isa = PBXTargetDependency;
			target = D8DC7AE229AE9A2F00D15FEA /* YouTubeClone */;
			targetProxy = 069AF4B42A047BD900BD6481 /* PBXContainerItemProxy */;
		};
/* End PBXTargetDependency section */

/* Begin PBXVariantGroup section */
		D8DC7AEC29AE9A2F00D15FEA /* Main.storyboard */ = {
			isa = PBXVariantGroup;
			children = (
				D8DC7AED29AE9A2F00D15FEA /* Base */,
			);
			name = Main.storyboard;
			sourceTree = "<group>";
		};
		D8DC7AF129AE9A3100D15FEA /* LaunchScreen.storyboard */ = {
			isa = PBXVariantGroup;
			children = (
				D8DC7AF229AE9A3100D15FEA /* Base */,
			);
			name = LaunchScreen.storyboard;
			sourceTree = "<group>";
		};
/* End PBXVariantGroup section */

/* Begin XCBuildConfiguration section */
		069AF4B62A047BD900BD6481 /* Debug */ = {
			isa = XCBuildConfiguration;
			buildSettings = {
				BUNDLE_LOADER = "$(TEST_HOST)";
				CODE_SIGN_STYLE = Automatic;
				CURRENT_PROJECT_VERSION = 1;
				DEVELOPMENT_TEAM = R8RFB244C2;
				GENERATE_INFOPLIST_FILE = YES;
				IPHONEOS_DEPLOYMENT_TARGET = 16.4;
				MARKETING_VERSION = 1.0;
				PRODUCT_BUNDLE_IDENTIFIER = com.fabianzarate.YouTubeCloneTests;
				PRODUCT_NAME = "$(TARGET_NAME)";
				SWIFT_EMIT_LOC_STRINGS = NO;
				SWIFT_VERSION = 5.0;
				TARGETED_DEVICE_FAMILY = "1,2";
				TEST_HOST = "$(BUILT_PRODUCTS_DIR)/YouTubeClone.app/$(BUNDLE_EXECUTABLE_FOLDER_PATH)/YouTubeClone";
			};
			name = Debug;
		};
		069AF4B72A047BD900BD6481 /* Release */ = {
			isa = XCBuildConfiguration;
			buildSettings = {
				BUNDLE_LOADER = "$(TEST_HOST)";
				CODE_SIGN_STYLE = Automatic;
				CURRENT_PROJECT_VERSION = 1;
				DEVELOPMENT_TEAM = R8RFB244C2;
				GENERATE_INFOPLIST_FILE = YES;
				IPHONEOS_DEPLOYMENT_TARGET = 16.4;
				MARKETING_VERSION = 1.0;
				PRODUCT_BUNDLE_IDENTIFIER = com.fabianzarate.YouTubeCloneTests;
				PRODUCT_NAME = "$(TARGET_NAME)";
				SWIFT_EMIT_LOC_STRINGS = NO;
				SWIFT_VERSION = 5.0;
				TARGETED_DEVICE_FAMILY = "1,2";
				TEST_HOST = "$(BUILT_PRODUCTS_DIR)/YouTubeClone.app/$(BUNDLE_EXECUTABLE_FOLDER_PATH)/YouTubeClone";
			};
			name = Release;
		};
		D8DC7AF529AE9A3100D15FEA /* Debug */ = {
			isa = XCBuildConfiguration;
			buildSettings = {
				ALWAYS_SEARCH_USER_PATHS = NO;
				CLANG_ANALYZER_NONNULL = YES;
				CLANG_ANALYZER_NUMBER_OBJECT_CONVERSION = YES_AGGRESSIVE;
				CLANG_CXX_LANGUAGE_STANDARD = "gnu++20";
				CLANG_ENABLE_MODULES = YES;
				CLANG_ENABLE_OBJC_ARC = YES;
				CLANG_ENABLE_OBJC_WEAK = YES;
				CLANG_WARN_BLOCK_CAPTURE_AUTORELEASING = YES;
				CLANG_WARN_BOOL_CONVERSION = YES;
				CLANG_WARN_COMMA = YES;
				CLANG_WARN_CONSTANT_CONVERSION = YES;
				CLANG_WARN_DEPRECATED_OBJC_IMPLEMENTATIONS = YES;
				CLANG_WARN_DIRECT_OBJC_ISA_USAGE = YES_ERROR;
				CLANG_WARN_DOCUMENTATION_COMMENTS = YES;
				CLANG_WARN_EMPTY_BODY = YES;
				CLANG_WARN_ENUM_CONVERSION = YES;
				CLANG_WARN_INFINITE_RECURSION = YES;
				CLANG_WARN_INT_CONVERSION = YES;
				CLANG_WARN_NON_LITERAL_NULL_CONVERSION = YES;
				CLANG_WARN_OBJC_IMPLICIT_RETAIN_SELF = YES;
				CLANG_WARN_OBJC_LITERAL_CONVERSION = YES;
				CLANG_WARN_OBJC_ROOT_CLASS = YES_ERROR;
				CLANG_WARN_QUOTED_INCLUDE_IN_FRAMEWORK_HEADER = YES;
				CLANG_WARN_RANGE_LOOP_ANALYSIS = YES;
				CLANG_WARN_STRICT_PROTOTYPES = YES;
				CLANG_WARN_SUSPICIOUS_MOVE = YES;
				CLANG_WARN_UNGUARDED_AVAILABILITY = YES_AGGRESSIVE;
				CLANG_WARN_UNREACHABLE_CODE = YES;
				CLANG_WARN__DUPLICATE_METHOD_MATCH = YES;
				COPY_PHASE_STRIP = NO;
				DEBUG_INFORMATION_FORMAT = dwarf;
				ENABLE_STRICT_OBJC_MSGSEND = YES;
				ENABLE_TESTABILITY = YES;
				GCC_C_LANGUAGE_STANDARD = gnu11;
				GCC_DYNAMIC_NO_PIC = NO;
				GCC_NO_COMMON_BLOCKS = YES;
				GCC_OPTIMIZATION_LEVEL = 0;
				GCC_PREPROCESSOR_DEFINITIONS = (
					"DEBUG=1",
					"$(inherited)",
				);
				GCC_WARN_64_TO_32_BIT_CONVERSION = YES;
				GCC_WARN_ABOUT_RETURN_TYPE = YES_ERROR;
				GCC_WARN_UNDECLARED_SELECTOR = YES;
				GCC_WARN_UNINITIALIZED_AUTOS = YES_AGGRESSIVE;
				GCC_WARN_UNUSED_FUNCTION = YES;
				GCC_WARN_UNUSED_VARIABLE = YES;
				IPHONEOS_DEPLOYMENT_TARGET = 16.2;
				MTL_ENABLE_DEBUG_INFO = INCLUDE_SOURCE;
				MTL_FAST_MATH = YES;
				ONLY_ACTIVE_ARCH = YES;
				SDKROOT = iphoneos;
				SWIFT_ACTIVE_COMPILATION_CONDITIONS = DEBUG;
				SWIFT_OPTIMIZATION_LEVEL = "-Onone";
			};
			name = Debug;
		};
		D8DC7AF629AE9A3100D15FEA /* Release */ = {
			isa = XCBuildConfiguration;
			buildSettings = {
				ALWAYS_SEARCH_USER_PATHS = NO;
				CLANG_ANALYZER_NONNULL = YES;
				CLANG_ANALYZER_NUMBER_OBJECT_CONVERSION = YES_AGGRESSIVE;
				CLANG_CXX_LANGUAGE_STANDARD = "gnu++20";
				CLANG_ENABLE_MODULES = YES;
				CLANG_ENABLE_OBJC_ARC = YES;
				CLANG_ENABLE_OBJC_WEAK = YES;
				CLANG_WARN_BLOCK_CAPTURE_AUTORELEASING = YES;
				CLANG_WARN_BOOL_CONVERSION = YES;
				CLANG_WARN_COMMA = YES;
				CLANG_WARN_CONSTANT_CONVERSION = YES;
				CLANG_WARN_DEPRECATED_OBJC_IMPLEMENTATIONS = YES;
				CLANG_WARN_DIRECT_OBJC_ISA_USAGE = YES_ERROR;
				CLANG_WARN_DOCUMENTATION_COMMENTS = YES;
				CLANG_WARN_EMPTY_BODY = YES;
				CLANG_WARN_ENUM_CONVERSION = YES;
				CLANG_WARN_INFINITE_RECURSION = YES;
				CLANG_WARN_INT_CONVERSION = YES;
				CLANG_WARN_NON_LITERAL_NULL_CONVERSION = YES;
				CLANG_WARN_OBJC_IMPLICIT_RETAIN_SELF = YES;
				CLANG_WARN_OBJC_LITERAL_CONVERSION = YES;
				CLANG_WARN_OBJC_ROOT_CLASS = YES_ERROR;
				CLANG_WARN_QUOTED_INCLUDE_IN_FRAMEWORK_HEADER = YES;
				CLANG_WARN_RANGE_LOOP_ANALYSIS = YES;
				CLANG_WARN_STRICT_PROTOTYPES = YES;
				CLANG_WARN_SUSPICIOUS_MOVE = YES;
				CLANG_WARN_UNGUARDED_AVAILABILITY = YES_AGGRESSIVE;
				CLANG_WARN_UNREACHABLE_CODE = YES;
				CLANG_WARN__DUPLICATE_METHOD_MATCH = YES;
				COPY_PHASE_STRIP = NO;
				DEBUG_INFORMATION_FORMAT = "dwarf-with-dsym";
				ENABLE_NS_ASSERTIONS = NO;
				ENABLE_STRICT_OBJC_MSGSEND = YES;
				GCC_C_LANGUAGE_STANDARD = gnu11;
				GCC_NO_COMMON_BLOCKS = YES;
				GCC_WARN_64_TO_32_BIT_CONVERSION = YES;
				GCC_WARN_ABOUT_RETURN_TYPE = YES_ERROR;
				GCC_WARN_UNDECLARED_SELECTOR = YES;
				GCC_WARN_UNINITIALIZED_AUTOS = YES_AGGRESSIVE;
				GCC_WARN_UNUSED_FUNCTION = YES;
				GCC_WARN_UNUSED_VARIABLE = YES;
				IPHONEOS_DEPLOYMENT_TARGET = 16.2;
				MTL_ENABLE_DEBUG_INFO = NO;
				MTL_FAST_MATH = YES;
				SDKROOT = iphoneos;
				SWIFT_COMPILATION_MODE = wholemodule;
				SWIFT_OPTIMIZATION_LEVEL = "-O";
				VALIDATE_PRODUCT = YES;
			};
			name = Release;
		};
		D8DC7AF829AE9A3100D15FEA /* Debug */ = {
			isa = XCBuildConfiguration;
			baseConfigurationReference = 11162F73100A0EE56BA44186 /* Pods-YouTubeClone.debug.xcconfig */;
			buildSettings = {
				ASSETCATALOG_COMPILER_APPICON_NAME = AppIcon;
				ASSETCATALOG_COMPILER_GLOBAL_ACCENT_COLOR_NAME = AccentColor;
				CODE_SIGN_STYLE = Manual;
				CURRENT_PROJECT_VERSION = 1;
				DEVELOPMENT_TEAM = "";
				GENERATE_INFOPLIST_FILE = YES;
				INFOPLIST_FILE = YouTubeClone/Info.plist;
				INFOPLIST_KEY_UIApplicationSupportsIndirectInputEvents = YES;
				INFOPLIST_KEY_UILaunchStoryboardName = LaunchScreen;
				INFOPLIST_KEY_UIMainStoryboardFile = Main;
				INFOPLIST_KEY_UISupportedInterfaceOrientations_iPad = "UIInterfaceOrientationPortrait UIInterfaceOrientationPortraitUpsideDown UIInterfaceOrientationLandscapeLeft UIInterfaceOrientationLandscapeRight";
				INFOPLIST_KEY_UISupportedInterfaceOrientations_iPhone = "UIInterfaceOrientationPortrait UIInterfaceOrientationLandscapeLeft UIInterfaceOrientationLandscapeRight";
				LD_RUNPATH_SEARCH_PATHS = (
					"$(inherited)",
					"@executable_path/Frameworks",
				);
				MARKETING_VERSION = 1.0;
				PRODUCT_BUNDLE_IDENTIFIER = proyecto.YouTubeClone;
				PRODUCT_NAME = "$(TARGET_NAME)";
				PROVISIONING_PROFILE_SPECIFIER = "";
				SWIFT_EMIT_LOC_STRINGS = YES;
				SWIFT_VERSION = 5.0;
				TARGETED_DEVICE_FAMILY = "1,2";
			};
			name = Debug;
		};
		D8DC7AF929AE9A3100D15FEA /* Release */ = {
			isa = XCBuildConfiguration;
			baseConfigurationReference = 3469CF9DFE490CDD3EF5E14E /* Pods-YouTubeClone.release.xcconfig */;
			buildSettings = {
				ASSETCATALOG_COMPILER_APPICON_NAME = AppIcon;
				ASSETCATALOG_COMPILER_GLOBAL_ACCENT_COLOR_NAME = AccentColor;
				CODE_SIGN_STYLE = Manual;
				CURRENT_PROJECT_VERSION = 1;
				DEVELOPMENT_TEAM = "";
				GENERATE_INFOPLIST_FILE = YES;
				INFOPLIST_FILE = YouTubeClone/Info.plist;
				INFOPLIST_KEY_UIApplicationSupportsIndirectInputEvents = YES;
				INFOPLIST_KEY_UILaunchStoryboardName = LaunchScreen;
				INFOPLIST_KEY_UIMainStoryboardFile = Main;
				INFOPLIST_KEY_UISupportedInterfaceOrientations_iPad = "UIInterfaceOrientationPortrait UIInterfaceOrientationPortraitUpsideDown UIInterfaceOrientationLandscapeLeft UIInterfaceOrientationLandscapeRight";
				INFOPLIST_KEY_UISupportedInterfaceOrientations_iPhone = "UIInterfaceOrientationPortrait UIInterfaceOrientationLandscapeLeft UIInterfaceOrientationLandscapeRight";
				LD_RUNPATH_SEARCH_PATHS = (
					"$(inherited)",
					"@executable_path/Frameworks",
				);
				MARKETING_VERSION = 1.0;
				PRODUCT_BUNDLE_IDENTIFIER = proyecto.YouTubeClone;
				PRODUCT_NAME = "$(TARGET_NAME)";
				PROVISIONING_PROFILE_SPECIFIER = "";
				SWIFT_EMIT_LOC_STRINGS = YES;
				SWIFT_VERSION = 5.0;
				TARGETED_DEVICE_FAMILY = "1,2";
			};
			name = Release;
		};
/* End XCBuildConfiguration section */

/* Begin XCConfigurationList section */
		069AF4B82A047BD900BD6481 /* Build configuration list for PBXNativeTarget "YouTubeCloneTests" */ = {
			isa = XCConfigurationList;
			buildConfigurations = (
				069AF4B62A047BD900BD6481 /* Debug */,
				069AF4B72A047BD900BD6481 /* Release */,
			);
			defaultConfigurationIsVisible = 0;
			defaultConfigurationName = Release;
		};
		D8DC7ADE29AE9A2F00D15FEA /* Build configuration list for PBXProject "YouTubeClone" */ = {
			isa = XCConfigurationList;
			buildConfigurations = (
				D8DC7AF529AE9A3100D15FEA /* Debug */,
				D8DC7AF629AE9A3100D15FEA /* Release */,
			);
			defaultConfigurationIsVisible = 0;
			defaultConfigurationName = Release;
		};
		D8DC7AF729AE9A3100D15FEA /* Build configuration list for PBXNativeTarget "YouTubeClone" */ = {
			isa = XCConfigurationList;
			buildConfigurations = (
				D8DC7AF829AE9A3100D15FEA /* Debug */,
				D8DC7AF929AE9A3100D15FEA /* Release */,
			);
			defaultConfigurationIsVisible = 0;
			defaultConfigurationName = Release;
		};
/* End XCConfigurationList section */
	};
	rootObject = D8DC7ADB29AE9A2F00D15FEA /* Project object */;
}
